<?xml version="1.0" encoding="utf-8"?>
<Project ToolsVersion="4.0" xmlns="http://schemas.microsoft.com/developer/msbuild/2003">
  <ItemGroup>
    <Filter Include="Source Files">
      <UniqueIdentifier>{4FC737F1-C7A5-4376-A066-2A32D752A2FF}</UniqueIdentifier>
      <Extensions>cpp;c;cc;cxx;def;odl;idl;hpj;bat;asm;asmx</Extensions>
    </Filter>
    <Filter Include="Header Files">
      <UniqueIdentifier>{93995380-89BD-4b04-88EB-625FBE52EBFB}</UniqueIdentifier>
      <Extensions>h;hh;hpp;hxx;hm;inl;inc;xsd</Extensions>
    </Filter>
    <Filter Include="Resource Files">
      <UniqueIdentifier>{67DA6AB6-F800-4c08-8B7A-83BB121AAD01}</UniqueIdentifier>
      <Extensions>rc;ico;cur;bmp;dlg;rc2;rct;bin;rgs;gif;jpg;jpeg;jpe;resx;tiff;tif;png;wav;mfcribbon-ms</Extensions>
    </Filter>
    <Filter Include="CollisionDetection">
      <UniqueIdentifier>{7c45a941-5f3a-4dc9-b113-df0c37be8dd0}</UniqueIdentifier>
    </Filter>
    <Filter Include="AI">
      <UniqueIdentifier>{ed419283-b2e2-421f-a417-ff0c62260d42}</UniqueIdentifier>
    </Filter>
    <Filter Include="Networking">
      <UniqueIdentifier>{5f6b056c-0d22-4d06-ab90-8de99152d5b2}</UniqueIdentifier>
    </Filter>
    <Filter Include="Pathfinding">
      <UniqueIdentifier>{84f869c2-c73b-4eb0-ace4-ff4d685ef4ee}</UniqueIdentifier>
    </Filter>
    <Filter Include="Audio">
      <UniqueIdentifier>{28c34569-51a2-44cf-8e0e-0597f6758889}</UniqueIdentifier>
    </Filter>
    <Filter Include="JSON">
      <UniqueIdentifier>{5ed09667-81fe-4e8a-ab6e-52a3ba29db30}</UniqueIdentifier>
    </Filter>
    <Filter Include="Physics">
      <UniqueIdentifier>{9aee0dfe-4d09-49bb-903b-0c7f2a8a6134}</UniqueIdentifier>
    </Filter>
  </ItemGroup>
  <ItemGroup>
    <ClInclude Include="GameWorld.h">
      <Filter>Header Files</Filter>
    </ClInclude>
    <ClInclude Include="GameObject.h">
      <Filter>Header Files</Filter>
    </ClInclude>
    <ClInclude Include="Transform.h">
      <Filter>Header Files</Filter>
    </ClInclude>
    <ClInclude Include="CollisionDetection.h">
      <Filter>CollisionDetection</Filter>
    </ClInclude>
    <ClInclude Include="RenderObject.h">
      <Filter>Header Files</Filter>
    </ClInclude>
    <ClInclude Include="Ray.h">
      <Filter>CollisionDetection</Filter>
    </ClInclude>
    <ClInclude Include="StateMachine.h">
      <Filter>AI</Filter>
    </ClInclude>
    <ClInclude Include="StateTransition.h">
      <Filter>AI</Filter>
    </ClInclude>
    <ClInclude Include="State.h">
      <Filter>AI</Filter>
    </ClInclude>
    <ClInclude Include="PushdownState.h">
      <Filter>AI</Filter>
    </ClInclude>
    <ClInclude Include="PushdownMachine.h">
      <Filter>AI</Filter>
    </ClInclude>
    <ClInclude Include="Debug.h">
      <Filter>Header Files</Filter>
    </ClInclude>
    <ClInclude Include="NavigationPath.h">
      <Filter>Pathfinding</Filter>
    </ClInclude>
    <ClInclude Include="NavigationGrid.h">
      <Filter>Pathfinding</Filter>
    </ClInclude>
    <ClInclude Include="NavigationMesh.h">
      <Filter>Pathfinding</Filter>
    </ClInclude>
    <ClInclude Include="NavigationMap.h">
      <Filter>Pathfinding</Filter>
    </ClInclude>
    <ClInclude Include="BehaviourAction.h">
      <Filter>AI</Filter>
    </ClInclude>
    <ClInclude Include="BehaviourNodeWithChildren.h">
      <Filter>AI</Filter>
    </ClInclude>
    <ClInclude Include="BehaviourSelector.h">
      <Filter>AI</Filter>
    </ClInclude>
    <ClInclude Include="BehaviourSequence.h">
      <Filter>AI</Filter>
    </ClInclude>
    <ClInclude Include="GameServer.h">
      <Filter>Networking</Filter>
    </ClInclude>
    <ClInclude Include="GameClient.h">
      <Filter>Networking</Filter>
    </ClInclude>
    <ClInclude Include="NetworkBase.h">
      <Filter>Networking</Filter>
    </ClInclude>
    <ClInclude Include="NetworkState.h">
      <Filter>Networking</Filter>
    </ClInclude>
    <ClInclude Include="NetworkObject.h">
      <Filter>Networking</Filter>
    </ClInclude>
    <ClInclude Include="SystemDefines.h">
      <Filter>Header Files</Filter>
    </ClInclude>
    <ClInclude Include="json.h">
      <Filter>JSON</Filter>
    </ClInclude>
    <ClInclude Include="json-forwards.h">
      <Filter>JSON</Filter>
    </ClInclude>
    <ClInclude Include="SystemConfig.h">
      <Filter>JSON</Filter>
    </ClInclude>
    <ClInclude Include="Cleaner.h">
      <Filter>AI</Filter>
    </ClInclude>
    <ClInclude Include="Physics\Types.h">
      <Filter>Physics</Filter>
    </ClInclude>
    <ClInclude Include="Physics\BasicErrorCallback.h">
      <Filter>Physics</Filter>
    </ClInclude>
    <ClInclude Include="Physics\ColliderComponent.h">
      <Filter>Physics</Filter>
    </ClInclude>
    <ClInclude Include="Physics\CollisionDetection.h">
      <Filter>Physics</Filter>
    </ClInclude>
    <ClInclude Include="Physics\PxConversions.h">
      <Filter>Physics</Filter>
    </ClInclude>
    <ClInclude Include="Physics\PxSystem.h">
      <Filter>Physics</Filter>
    </ClInclude>
    <ClInclude Include="Physics\RigidBody.h">
      <Filter>Physics</Filter>
    </ClInclude>
  </ItemGroup>
  <ItemGroup>
    <ClCompile Include="GameWorld.cpp">
      <Filter>Source Files</Filter>
    </ClCompile>
    <ClCompile Include="GameObject.cpp">
      <Filter>Source Files</Filter>
    </ClCompile>
    <ClCompile Include="Transform.cpp">
      <Filter>Source Files</Filter>
    </ClCompile>
    <ClCompile Include="CollisionDetection.cpp">
      <Filter>CollisionDetection</Filter>
    </ClCompile>
    <ClCompile Include="RenderObject.cpp">
      <Filter>Source Files</Filter>
    </ClCompile>
    <ClCompile Include="StateMachine.cpp">
      <Filter>AI</Filter>
    </ClCompile>
    <ClCompile Include="StateTransition.cpp">
      <Filter>AI</Filter>
    </ClCompile>
    <ClCompile Include="PushdownState.cpp">
      <Filter>AI</Filter>
    </ClCompile>
    <ClCompile Include="PushdownMachine.cpp">
      <Filter>AI</Filter>
    </ClCompile>
    <ClCompile Include="Debug.cpp">
      <Filter>Source Files</Filter>
    </ClCompile>
    <ClCompile Include="NavigationGrid.cpp">
      <Filter>Pathfinding</Filter>
    </ClCompile>
    <ClCompile Include="NavigationMesh.cpp">
      <Filter>Pathfinding</Filter>
    </ClCompile>
    <ClCompile Include="GameClient.cpp">
      <Filter>Networking</Filter>
    </ClCompile>
    <ClCompile Include="GameServer.cpp">
      <Filter>Networking</Filter>
    </ClCompile>
    <ClCompile Include="NetworkBase.cpp">
      <Filter>Networking</Filter>
    </ClCompile>
    <ClCompile Include="NetworkState.cpp">
      <Filter>Networking</Filter>
    </ClCompile>
    <ClCompile Include="NetworkObject.cpp">
      <Filter>Networking</Filter>
    </ClCompile>
    <ClCompile Include="jsoncpp.cpp">
      <Filter>JSON</Filter>
    </ClCompile>
    <ClCompile Include="SystemConfig.cpp">
      <Filter>JSON</Filter>
    </ClCompile>
    <ClCompile Include="Cleaner.cpp">
      <Filter>AI</Filter>
    </ClCompile>
    <ClCompile Include="Physics\ColliderComponent.cpp">
      <Filter>Physics</Filter>
    </ClCompile>
    <ClCompile Include="Physics\PxSystem.cpp">
      <Filter>Physics</Filter>
    </ClCompile>
    <ClCompile Include="Physics\RigidBody.cpp">
      <Filter>Physics</Filter>
    </ClCompile>
    <ClCompile Include="Physics\CollisionDetection.cpp">
      <Filter>Physics</Filter>
    </ClCompile>
  </ItemGroup>
  <ItemGroup>
    <None Include="BehaviourNode.h">
      <Filter>AI</Filter>
    </None>
  </ItemGroup>
</Project>