<?xml version="1.0" encoding="utf-8"?>
<Project ToolsVersion="16.0" xmlns="http://schemas.microsoft.com/developer/msbuild/2003">
  <ItemGroup>
    <ClCompile Include="E:\Team7 Real Game\glfw\glfw-3.3.6\src\context.c">
      <Filter>Source Files</Filter>
    </ClCompile>
    <ClCompile Include="E:\Team7 Real Game\glfw\glfw-3.3.6\src\init.c">
      <Filter>Source Files</Filter>
    </ClCompile>
    <ClCompile Include="E:\Team7 Real Game\glfw\glfw-3.3.6\src\input.c">
      <Filter>Source Files</Filter>
    </ClCompile>
    <ClCompile Include="E:\Team7 Real Game\glfw\glfw-3.3.6\src\monitor.c">
      <Filter>Source Files</Filter>
    </ClCompile>
    <ClCompile Include="E:\Team7 Real Game\glfw\glfw-3.3.6\src\vulkan.c">
      <Filter>Source Files</Filter>
    </ClCompile>
    <ClCompile Include="E:\Team7 Real Game\glfw\glfw-3.3.6\src\window.c">
      <Filter>Source Files</Filter>
    </ClCompile>
    <ClCompile Include="E:\Team7 Real Game\glfw\glfw-3.3.6\src\win32_init.c">
      <Filter>Source Files</Filter>
    </ClCompile>
    <ClCompile Include="E:\Team7 Real Game\glfw\glfw-3.3.6\src\win32_joystick.c">
      <Filter>Source Files</Filter>
    </ClCompile>
    <ClCompile Include="E:\Team7 Real Game\glfw\glfw-3.3.6\src\win32_monitor.c">
      <Filter>Source Files</Filter>
    </ClCompile>
    <ClCompile Include="E:\Team7 Real Game\glfw\glfw-3.3.6\src\win32_time.c">
      <Filter>Source Files</Filter>
    </ClCompile>
    <ClCompile Include="E:\Team7 Real Game\glfw\glfw-3.3.6\src\win32_thread.c">
      <Filter>Source Files</Filter>
    </ClCompile>
    <ClCompile Include="E:\Team7 Real Game\glfw\glfw-3.3.6\src\win32_window.c">
      <Filter>Source Files</Filter>
    </ClCompile>
    <ClCompile Include="E:\Team7 Real Game\glfw\glfw-3.3.6\src\wgl_context.c">
      <Filter>Source Files</Filter>
    </ClCompile>
    <ClCompile Include="E:\Team7 Real Game\glfw\glfw-3.3.6\src\egl_context.c">
      <Filter>Source Files</Filter>
    </ClCompile>
    <ClCompile Include="E:\Team7 Real Game\glfw\glfw-3.3.6\src\osmesa_context.c">
      <Filter>Source Files</Filter>
    </ClCompile>
  </ItemGroup>
  <ItemGroup>
    <ClInclude Include="E:\Team7 Real Game\glfw\glfw-3.3.6\src\internal.h">
      <Filter>Header Files</Filter>
    </ClInclude>
    <ClInclude Include="E:\Team7 Real Game\glfw\glfw-3.3.6\src\mappings.h">
      <Filter>Header Files</Filter>
    </ClInclude>
    <ClInclude Include="E:\Team7 Real Game\glfw\src\glfw_config.h">
      <Filter>Header Files</Filter>
    </ClInclude>
    <ClInclude Include="E:\Team7 Real Game\glfw\glfw-3.3.6\include\GLFW\glfw3.h">
      <Filter>Header Files</Filter>
    </ClInclude>
    <ClInclude Include="E:\Team7 Real Game\glfw\glfw-3.3.6\include\GLFW\glfw3native.h">
      <Filter>Header Files</Filter>
    </ClInclude>
    <ClInclude Include="E:\Team7 Real Game\glfw\glfw-3.3.6\src\win32_platform.h">
      <Filter>Header Files</Filter>
    </ClInclude>
    <ClInclude Include="E:\Team7 Real Game\glfw\glfw-3.3.6\src\win32_joystick.h">
      <Filter>Header Files</Filter>
    </ClInclude>
    <ClInclude Include="E:\Team7 Real Game\glfw\glfw-3.3.6\src\wgl_context.h">
      <Filter>Header Files</Filter>
    </ClInclude>
    <ClInclude Include="E:\Team7 Real Game\glfw\glfw-3.3.6\src\egl_context.h">
      <Filter>Header Files</Filter>
    </ClInclude>
    <ClInclude Include="E:\Team7 Real Game\glfw\glfw-3.3.6\src\osmesa_context.h">
      <Filter>Header Files</Filter>
    </ClInclude>
  </ItemGroup>
  <ItemGroup>
    <CustomBuild Include="E:\Team7 Real Game\glfw\glfw-3.3.6\src\CMakeLists.txt" />
  </ItemGroup>
  <ItemGroup>
    <Filter Include="Header Files">
      <UniqueIdentifier>{92B0D6E0-EE17-3E80-B562-8D7B2D5F3C63}</UniqueIdentifier>
    </Filter>
    <Filter Include="Source Files">
      <UniqueIdentifier>{C98D6412-1165-353C-A86B-44F823CA815B}</UniqueIdentifier>
    </Filter>
  </ItemGroup>
</Project>
