<?xml version="1.0" encoding="utf-8"?>
<Project ToolsVersion="16.0" xmlns="http://schemas.microsoft.com/developer/msbuild/2003">
  <ItemGroup>
    <ClCompile Include="E:\Team7 Real Game\glfw\glfw-3.3.6\tests\cursor.c">
      <Filter>Source Files</Filter>
    </ClCompile>
    <ClCompile Include="E:\Team7 Real Game\glfw\glfw-3.3.6\deps\glad_gl.c">
      <Filter>Source Files</Filter>
    </ClCompile>
  </ItemGroup>
  <ItemGroup>
    <ClInclude Include="E:\Team7 Real Game\glfw\glfw-3.3.6\deps\glad\gl.h">
      <Filter>Header Files</Filter>
    </ClInclude>
  </ItemGroup>
  <ItemGroup>
    <CustomBuild Include="E:\Team7 Real Game\glfw\glfw-3.3.6\tests\CMakeLists.txt" />
  </ItemGroup>
  <ItemGroup>
    <Filter Include="Header Files">
      <UniqueIdentifier>{92B0D6E0-EE17-3E80-B562-8D7B2D5F3C63}</UniqueIdentifier>
    </Filter>
    <Filter Include="Source Files">
      <UniqueIdentifier>{C98D6412-1165-353C-A86B-44F823CA815B}</UniqueIdentifier>
    </Filter>
  </ItemGroup>
</Project>
