
Microsoft Visual Studio Solution File, Format Version 12.00
# Visual Studio Version 16
Project("{2150E333-8FDC-42A3-9474-1A3956D46DE8}") = "CMakePredefinedTargets", "CMakePredefinedTargets", "{D7181D87-0E4B-3CE8-8C66-D3563C494A99}"
EndProject
Project("{2150E333-8FDC-42A3-9474-1A3956D46DE8}") = "GLFW3", "GLFW3", "{ED5AA78E-B90A-3C3A-8752-7473839E5F11}"
EndProject
Project("{2150E333-8FDC-42A3-9474-1A3956D46DE8}") = "Examples", "GLFW3\Examples", "{C0C5B485-AB59-3D8B-AD06-E2BEABB4A452}"
EndProject
Project("{2150E333-8FDC-42A3-9474-1A3956D46DE8}") = "Tests", "GLFW3\Tests", "{99EE9513-E537-33B0-966E-5DB9EE3EDCB1}"
EndProject
Project("{8BC9CEB8-8B4A-11D0-8D11-00A0C91BC942}") = "ALL_BUILD", "ALL_BUILD.vcxproj", "{E44E70A1-9FE8-3D5E-B626-2C0A1E17F630}"
	ProjectSection(ProjectDependencies) = postProject
		{9500D3B0-62A7-367D-B466-3A647599B512} = {9500D3B0-62A7-367D-B466-3A647599B512}
		{E6B72182-3C68-37B2-AAFC-BF521EEEB82C} = {E6B72182-3C68-37B2-AAFC-BF521EEEB82C}
		{F9B32588-9EB3-3D55-86D0-0AFDFF0D1CD9} = {F9B32588-9EB3-3D55-86D0-0AFDFF0D1CD9}
		{9A351860-523A-3131-B6AF-6DD04D5E3818} = {9A351860-523A-3131-B6AF-6DD04D5E3818}
		{68808275-8104-3634-95E3-BF5B1774AAE3} = {68808275-8104-3634-95E3-BF5B1774AAE3}
		{BEDFDF88-48DF-31B3-AE66-27378EF5C5DF} = {BEDFDF88-48DF-31B3-AE66-27378EF5C5DF}
		{B91D0AB2-065B-3103-8F7E-0E53A785A2C8} = {B91D0AB2-065B-3103-8F7E-0E53A785A2C8}
		{7C818D64-81F5-3033-A873-C6FDE482E06D} = {7C818D64-81F5-3033-A873-C6FDE482E06D}
		{24305EF4-CF2D-3683-A414-3D6CD25633C2} = {24305EF4-CF2D-3683-A414-3D6CD25633C2}
		{AC6D5E67-E970-362D-8741-E1B6B6E8343D} = {AC6D5E67-E970-362D-8741-E1B6B6E8343D}
		{3109E9F3-29B9-3BDB-9C89-917A2C0A4E27} = {3109E9F3-29B9-3BDB-9C89-917A2C0A4E27}
		{65BD037F-BE6F-35A1-94DF-8120BBCD186B} = {65BD037F-BE6F-35A1-94DF-8120BBCD186B}
		{E43BEDFE-5331-3248-83A5-A391E0292099} = {E43BEDFE-5331-3248-83A5-A391E0292099}
		{F30631F5-399B-3677-A9AC-89DADAC557D8} = {F30631F5-399B-3677-A9AC-89DADAC557D8}
		{D496C73E-1C8C-392E-AD32-AB14FEAFA6D3} = {D496C73E-1C8C-392E-AD32-AB14FEAFA6D3}
		{AA013D36-7E19-3691-A71C-EE62A2DEE055} = {AA013D36-7E19-3691-A71C-EE62A2DEE055}
		{0863AD0D-FB26-3F4C-B10D-4D227DDF6324} = {0863AD0D-FB26-3F4C-B10D-4D227DDF6324}
		{23A4A63A-7E6A-3FF0-B60F-7CEC03C0A420} = {23A4A63A-7E6A-3FF0-B60F-7CEC03C0A420}
		{183E335F-73BF-3755-A025-7D53AE9BC1C9} = {183E335F-73BF-3755-A025-7D53AE9BC1C9}
		{A2B0397D-BFAB-3E9B-B0E9-F24127F815E4} = {A2B0397D-BFAB-3E9B-B0E9-F24127F815E4}
		{DF597743-0D02-3049-B72F-C6E173C1F501} = {DF597743-0D02-3049-B72F-C6E173C1F501}
		{108AB718-176D-39EC-868D-332253D58762} = {108AB718-176D-39EC-868D-332253D58762}
		{62DC5185-02C9-3B0C-818A-1A73F1AE8269} = {62DC5185-02C9-3B0C-818A-1A73F1AE8269}
		{35664318-AAC5-33E7-8B80-76BB27F7D6F0} = {35664318-AAC5-33E7-8B80-76BB27F7D6F0}
		{13BA7FA7-96C2-32E6-B445-C5CE518EA93F} = {13BA7FA7-96C2-32E6-B445-C5CE518EA93F}
		{B36042F0-5A84-37B9-9223-FF545825B14E} = {B36042F0-5A84-37B9-9223-FF545825B14E}
		{B58A4671-30EC-39EC-B4E2-38276078712A} = {B58A4671-30EC-39EC-B4E2-38276078712A}
		{AD29BC1D-4480-3C75-83A7-1A526F5EAD89} = {AD29BC1D-4480-3C75-83A7-1A526F5EAD89}
		{29A461DA-4EDA-3EE1-BEEB-AFD17EEDACFA} = {29A461DA-4EDA-3EE1-BEEB-AFD17EEDACFA}
		{A684C4B2-2C7E-36FA-8305-710F68D464F2} = {A684C4B2-2C7E-36FA-8305-710F68D464F2}
		{55074929-E6AB-36FD-8595-96A6CC75B900} = {55074929-E6AB-36FD-8595-96A6CC75B900}
	EndProjectSection
EndProject
Project("{8BC9CEB8-8B4A-11D0-8D11-00A0C91BC942}") = "INSTALL", "INSTALL.vcxproj", "{893BFC43-7101-3C88-8029-21F0BB5FF9DF}"
	ProjectSection(ProjectDependencies) = postProject
		{E44E70A1-9FE8-3D5E-B626-2C0A1E17F630} = {E44E70A1-9FE8-3D5E-B626-2C0A1E17F630}
		{9500D3B0-62A7-367D-B466-3A647599B512} = {9500D3B0-62A7-367D-B466-3A647599B512}
	EndProjectSection
EndProject
Project("{8BC9CEB8-8B4A-11D0-8D11-00A0C91BC942}") = "ZERO_CHECK", "ZERO_CHECK.vcxproj", "{9500D3B0-62A7-367D-B466-3A647599B512}"
	ProjectSection(ProjectDependencies) = postProject
	EndProjectSection
EndProject
Project("{8BC9CEB8-8B4A-11D0-8D11-00A0C91BC942}") = "boing", "examples\boing.vcxproj", "{E6B72182-3C68-37B2-AAFC-BF521EEEB82C}"
	ProjectSection(ProjectDependencies) = postProject
		{9500D3B0-62A7-367D-B466-3A647599B512} = {9500D3B0-62A7-367D-B466-3A647599B512}
		{24305EF4-CF2D-3683-A414-3D6CD25633C2} = {24305EF4-CF2D-3683-A414-3D6CD25633C2}
	EndProjectSection
EndProject
Project("{8BC9CEB8-8B4A-11D0-8D11-00A0C91BC942}") = "clipboard", "tests\clipboard.vcxproj", "{F9B32588-9EB3-3D55-86D0-0AFDFF0D1CD9}"
	ProjectSection(ProjectDependencies) = postProject
		{9500D3B0-62A7-367D-B466-3A647599B512} = {9500D3B0-62A7-367D-B466-3A647599B512}
		{24305EF4-CF2D-3683-A414-3D6CD25633C2} = {24305EF4-CF2D-3683-A414-3D6CD25633C2}
	EndProjectSection
EndProject
Project("{8BC9CEB8-8B4A-11D0-8D11-00A0C91BC942}") = "cursor", "tests\cursor.vcxproj", "{9A351860-523A-3131-B6AF-6DD04D5E3818}"
	ProjectSection(ProjectDependencies) = postProject
		{9500D3B0-62A7-367D-B466-3A647599B512} = {9500D3B0-62A7-367D-B466-3A647599B512}
		{24305EF4-CF2D-3683-A414-3D6CD25633C2} = {24305EF4-CF2D-3683-A414-3D6CD25633C2}
	EndProjectSection
EndProject
Project("{8BC9CEB8-8B4A-11D0-8D11-00A0C91BC942}") = "empty", "tests\empty.vcxproj", "{68808275-8104-3634-95E3-BF5B1774AAE3}"
	ProjectSection(ProjectDependencies) = postProject
		{9500D3B0-62A7-367D-B466-3A647599B512} = {9500D3B0-62A7-367D-B466-3A647599B512}
		{24305EF4-CF2D-3683-A414-3D6CD25633C2} = {24305EF4-CF2D-3683-A414-3D6CD25633C2}
	EndProjectSection
EndProject
Project("{8BC9CEB8-8B4A-11D0-8D11-00A0C91BC942}") = "events", "tests\events.vcxproj", "{BEDFDF88-48DF-31B3-AE66-27378EF5C5DF}"
	ProjectSection(ProjectDependencies) = postProject
		{9500D3B0-62A7-367D-B466-3A647599B512} = {9500D3B0-62A7-367D-B466-3A647599B512}
		{24305EF4-CF2D-3683-A414-3D6CD25633C2} = {24305EF4-CF2D-3683-A414-3D6CD25633C2}
	EndProjectSection
EndProject
Project("{8BC9CEB8-8B4A-11D0-8D11-00A0C91BC942}") = "gamma", "tests\gamma.vcxproj", "{B91D0AB2-065B-3103-8F7E-0E53A785A2C8}"
	ProjectSection(ProjectDependencies) = postProject
		{9500D3B0-62A7-367D-B466-3A647599B512} = {9500D3B0-62A7-367D-B466-3A647599B512}
		{24305EF4-CF2D-3683-A414-3D6CD25633C2} = {24305EF4-CF2D-3683-A414-3D6CD25633C2}
	EndProjectSection
EndProject
Project("{8BC9CEB8-8B4A-11D0-8D11-00A0C91BC942}") = "gears", "examples\gears.vcxproj", "{7C818D64-81F5-3033-A873-C6FDE482E06D}"
	ProjectSection(ProjectDependencies) = postProject
		{9500D3B0-62A7-367D-B466-3A647599B512} = {9500D3B0-62A7-367D-B466-3A647599B512}
		{24305EF4-CF2D-3683-A414-3D6CD25633C2} = {24305EF4-CF2D-3683-A414-3D6CD25633C2}
	EndProjectSection
EndProject
Project("{8BC9CEB8-8B4A-11D0-8D11-00A0C91BC942}") = "glfw", "src\glfw.vcxproj", "{24305EF4-CF2D-3683-A414-3D6CD25633C2}"
	ProjectSection(ProjectDependencies) = postProject
		{9500D3B0-62A7-367D-B466-3A647599B512} = {9500D3B0-62A7-367D-B466-3A647599B512}
	EndProjectSection
EndProject
Project("{8BC9CEB8-8B4A-11D0-8D11-00A0C91BC942}") = "glfwinfo", "tests\glfwinfo.vcxproj", "{AC6D5E67-E970-362D-8741-E1B6B6E8343D}"
	ProjectSection(ProjectDependencies) = postProject
		{9500D3B0-62A7-367D-B466-3A647599B512} = {9500D3B0-62A7-367D-B466-3A647599B512}
		{24305EF4-CF2D-3683-A414-3D6CD25633C2} = {24305EF4-CF2D-3683-A414-3D6CD25633C2}
	EndProjectSection
EndProject
Project("{8BC9CEB8-8B4A-11D0-8D11-00A0C91BC942}") = "heightmap", "examples\heightmap.vcxproj", "{3109E9F3-29B9-3BDB-9C89-917A2C0A4E27}"
	ProjectSection(ProjectDependencies) = postProject
		{9500D3B0-62A7-367D-B466-3A647599B512} = {9500D3B0-62A7-367D-B466-3A647599B512}
		{24305EF4-CF2D-3683-A414-3D6CD25633C2} = {24305EF4-CF2D-3683-A414-3D6CD25633C2}
	EndProjectSection
EndProject
Project("{8BC9CEB8-8B4A-11D0-8D11-00A0C91BC942}") = "icon", "tests\icon.vcxproj", "{65BD037F-BE6F-35A1-94DF-8120BBCD186B}"
	ProjectSection(ProjectDependencies) = postProject
		{9500D3B0-62A7-367D-B466-3A647599B512} = {9500D3B0-62A7-367D-B466-3A647599B512}
		{24305EF4-CF2D-3683-A414-3D6CD25633C2} = {24305EF4-CF2D-3683-A414-3D6CD25633C2}
	EndProjectSection
EndProject
Project("{8BC9CEB8-8B4A-11D0-8D11-00A0C91BC942}") = "iconify", "tests\iconify.vcxproj", "{E43BEDFE-5331-3248-83A5-A391E0292099}"
	ProjectSection(ProjectDependencies) = postProject
		{9500D3B0-62A7-367D-B466-3A647599B512} = {9500D3B0-62A7-367D-B466-3A647599B512}
		{24305EF4-CF2D-3683-A414-3D6CD25633C2} = {24305EF4-CF2D-3683-A414-3D6CD25633C2}
	EndProjectSection
EndProject
Project("{8BC9CEB8-8B4A-11D0-8D11-00A0C91BC942}") = "inputlag", "tests\inputlag.vcxproj", "{F30631F5-399B-3677-A9AC-89DADAC557D8}"
	ProjectSection(ProjectDependencies) = postProject
		{9500D3B0-62A7-367D-B466-3A647599B512} = {9500D3B0-62A7-367D-B466-3A647599B512}
		{24305EF4-CF2D-3683-A414-3D6CD25633C2} = {24305EF4-CF2D-3683-A414-3D6CD25633C2}
	EndProjectSection
EndProject
Project("{8BC9CEB8-8B4A-11D0-8D11-00A0C91BC942}") = "joysticks", "tests\joysticks.vcxproj", "{D496C73E-1C8C-392E-AD32-AB14FEAFA6D3}"
	ProjectSection(ProjectDependencies) = postProject
		{9500D3B0-62A7-367D-B466-3A647599B512} = {9500D3B0-62A7-367D-B466-3A647599B512}
		{24305EF4-CF2D-3683-A414-3D6CD25633C2} = {24305EF4-CF2D-3683-A414-3D6CD25633C2}
	EndProjectSection
EndProject
Project("{8BC9CEB8-8B4A-11D0-8D11-00A0C91BC942}") = "monitors", "tests\monitors.vcxproj", "{AA013D36-7E19-3691-A71C-EE62A2DEE055}"
	ProjectSection(ProjectDependencies) = postProject
		{9500D3B0-62A7-367D-B466-3A647599B512} = {9500D3B0-62A7-367D-B466-3A647599B512}
		{24305EF4-CF2D-3683-A414-3D6CD25633C2} = {24305EF4-CF2D-3683-A414-3D6CD25633C2}
	EndProjectSection
EndProject
Project("{8BC9CEB8-8B4A-11D0-8D11-00A0C91BC942}") = "msaa", "tests\msaa.vcxproj", "{0863AD0D-FB26-3F4C-B10D-4D227DDF6324}"
	ProjectSection(ProjectDependencies) = postProject
		{9500D3B0-62A7-367D-B466-3A647599B512} = {9500D3B0-62A7-367D-B466-3A647599B512}
		{24305EF4-CF2D-3683-A414-3D6CD25633C2} = {24305EF4-CF2D-3683-A414-3D6CD25633C2}
	EndProjectSection
EndProject
Project("{8BC9CEB8-8B4A-11D0-8D11-00A0C91BC942}") = "offscreen", "examples\offscreen.vcxproj", "{23A4A63A-7E6A-3FF0-B60F-7CEC03C0A420}"
	ProjectSection(ProjectDependencies) = postProject
		{9500D3B0-62A7-367D-B466-3A647599B512} = {9500D3B0-62A7-367D-B466-3A647599B512}
		{24305EF4-CF2D-3683-A414-3D6CD25633C2} = {24305EF4-CF2D-3683-A414-3D6CD25633C2}
	EndProjectSection
EndProject
Project("{8BC9CEB8-8B4A-11D0-8D11-00A0C91BC942}") = "opacity", "tests\opacity.vcxproj", "{183E335F-73BF-3755-A025-7D53AE9BC1C9}"
	ProjectSection(ProjectDependencies) = postProject
		{9500D3B0-62A7-367D-B466-3A647599B512} = {9500D3B0-62A7-367D-B466-3A647599B512}
		{24305EF4-CF2D-3683-A414-3D6CD25633C2} = {24305EF4-CF2D-3683-A414-3D6CD25633C2}
	EndProjectSection
EndProject
Project("{8BC9CEB8-8B4A-11D0-8D11-00A0C91BC942}") = "particles", "examples\particles.vcxproj", "{A2B0397D-BFAB-3E9B-B0E9-F24127F815E4}"
	ProjectSection(ProjectDependencies) = postProject
		{9500D3B0-62A7-367D-B466-3A647599B512} = {9500D3B0-62A7-367D-B466-3A647599B512}
		{24305EF4-CF2D-3683-A414-3D6CD25633C2} = {24305EF4-CF2D-3683-A414-3D6CD25633C2}
	EndProjectSection
EndProject
Project("{8BC9CEB8-8B4A-11D0-8D11-00A0C91BC942}") = "reopen", "tests\reopen.vcxproj", "{DF597743-0D02-3049-B72F-C6E173C1F501}"
	ProjectSection(ProjectDependencies) = postProject
		{9500D3B0-62A7-367D-B466-3A647599B512} = {9500D3B0-62A7-367D-B466-3A647599B512}
		{24305EF4-CF2D-3683-A414-3D6CD25633C2} = {24305EF4-CF2D-3683-A414-3D6CD25633C2}
	EndProjectSection
EndProject
Project("{8BC9CEB8-8B4A-11D0-8D11-00A0C91BC942}") = "sharing", "examples\sharing.vcxproj", "{108AB718-176D-39EC-868D-332253D58762}"
	ProjectSection(ProjectDependencies) = postProject
		{9500D3B0-62A7-367D-B466-3A647599B512} = {9500D3B0-62A7-367D-B466-3A647599B512}
		{24305EF4-CF2D-3683-A414-3D6CD25633C2} = {24305EF4-CF2D-3683-A414-3D6CD25633C2}
	EndProjectSection
EndProject
Project("{8BC9CEB8-8B4A-11D0-8D11-00A0C91BC942}") = "simple", "examples\simple.vcxproj", "{62DC5185-02C9-3B0C-818A-1A73F1AE8269}"
	ProjectSection(ProjectDependencies) = postProject
		{9500D3B0-62A7-367D-B466-3A647599B512} = {9500D3B0-62A7-367D-B466-3A647599B512}
		{24305EF4-CF2D-3683-A414-3D6CD25633C2} = {24305EF4-CF2D-3683-A414-3D6CD25633C2}
	EndProjectSection
EndProject
Project("{8BC9CEB8-8B4A-11D0-8D11-00A0C91BC942}") = "splitview", "examples\splitview.vcxproj", "{35664318-AAC5-33E7-8B80-76BB27F7D6F0}"
	ProjectSection(ProjectDependencies) = postProject
		{9500D3B0-62A7-367D-B466-3A647599B512} = {9500D3B0-62A7-367D-B466-3A647599B512}
		{24305EF4-CF2D-3683-A414-3D6CD25633C2} = {24305EF4-CF2D-3683-A414-3D6CD25633C2}
	EndProjectSection
EndProject
Project("{8BC9CEB8-8B4A-11D0-8D11-00A0C91BC942}") = "tearing", "tests\tearing.vcxproj", "{13BA7FA7-96C2-32E6-B445-C5CE518EA93F}"
	ProjectSection(ProjectDependencies) = postProject
		{9500D3B0-62A7-367D-B466-3A647599B512} = {9500D3B0-62A7-367D-B466-3A647599B512}
		{24305EF4-CF2D-3683-A414-3D6CD25633C2} = {24305EF4-CF2D-3683-A414-3D6CD25633C2}
	EndProjectSection
EndProject
Project("{8BC9CEB8-8B4A-11D0-8D11-00A0C91BC942}") = "threads", "tests\threads.vcxproj", "{B36042F0-5A84-37B9-9223-FF545825B14E}"
	ProjectSection(ProjectDependencies) = postProject
		{9500D3B0-62A7-367D-B466-3A647599B512} = {9500D3B0-62A7-367D-B466-3A647599B512}
		{24305EF4-CF2D-3683-A414-3D6CD25633C2} = {24305EF4-CF2D-3683-A414-3D6CD25633C2}
	EndProjectSection
EndProject
Project("{8BC9CEB8-8B4A-11D0-8D11-00A0C91BC942}") = "timeout", "tests\timeout.vcxproj", "{B58A4671-30EC-39EC-B4E2-38276078712A}"
	ProjectSection(ProjectDependencies) = postProject
		{9500D3B0-62A7-367D-B466-3A647599B512} = {9500D3B0-62A7-367D-B466-3A647599B512}
		{24305EF4-CF2D-3683-A414-3D6CD25633C2} = {24305EF4-CF2D-3683-A414-3D6CD25633C2}
	EndProjectSection
EndProject
Project("{8BC9CEB8-8B4A-11D0-8D11-00A0C91BC942}") = "title", "tests\title.vcxproj", "{AD29BC1D-4480-3C75-83A7-1A526F5EAD89}"
	ProjectSection(ProjectDependencies) = postProject
		{9500D3B0-62A7-367D-B466-3A647599B512} = {9500D3B0-62A7-367D-B466-3A647599B512}
		{24305EF4-CF2D-3683-A414-3D6CD25633C2} = {24305EF4-CF2D-3683-A414-3D6CD25633C2}
	EndProjectSection
EndProject
Project("{8BC9CEB8-8B4A-11D0-8D11-00A0C91BC942}") = "triangle-vulkan", "tests\triangle-vulkan.vcxproj", "{29A461DA-4EDA-3EE1-BEEB-AFD17EEDACFA}"
	ProjectSection(ProjectDependencies) = postProject
		{9500D3B0-62A7-367D-B466-3A647599B512} = {9500D3B0-62A7-367D-B466-3A647599B512}
		{24305EF4-CF2D-3683-A414-3D6CD25633C2} = {24305EF4-CF2D-3683-A414-3D6CD25633C2}
	EndProjectSection
EndProject
Project("{8BC9CEB8-8B4A-11D0-8D11-00A0C91BC942}") = "uninstall", "uninstall.vcxproj", "{D0C6319C-ED43-3159-B0E2-E307E01A88E2}"
	ProjectSection(ProjectDependencies) = postProject
		{9500D3B0-62A7-367D-B466-3A647599B512} = {9500D3B0-62A7-367D-B466-3A647599B512}
	EndProjectSection
EndProject
Project("{8BC9CEB8-8B4A-11D0-8D11-00A0C91BC942}") = "update_mappings", "src\update_mappings.vcxproj", "{C2C528DB-DB06-34C2-8D36-448AD83A63E9}"
	ProjectSection(ProjectDependencies) = postProject
		{9500D3B0-62A7-367D-B466-3A647599B512} = {9500D3B0-62A7-367D-B466-3A647599B512}
	EndProjectSection
EndProject
Project("{8BC9CEB8-8B4A-11D0-8D11-00A0C91BC942}") = "wave", "examples\wave.vcxproj", "{A684C4B2-2C7E-36FA-8305-710F68D464F2}"
	ProjectSection(ProjectDependencies) = postProject
		{9500D3B0-62A7-367D-B466-3A647599B512} = {9500D3B0-62A7-367D-B466-3A647599B512}
		{24305EF4-CF2D-3683-A414-3D6CD25633C2} = {24305EF4-CF2D-3683-A414-3D6CD25633C2}
	EndProjectSection
EndProject
Project("{8BC9CEB8-8B4A-11D0-8D11-00A0C91BC942}") = "windows", "tests\windows.vcxproj", "{55074929-E6AB-36FD-8595-96A6CC75B900}"
	ProjectSection(ProjectDependencies) = postProject
		{9500D3B0-62A7-367D-B466-3A647599B512} = {9500D3B0-62A7-367D-B466-3A647599B512}
		{24305EF4-CF2D-3683-A414-3D6CD25633C2} = {24305EF4-CF2D-3683-A414-3D6CD25633C2}
	EndProjectSection
EndProject
Global
	GlobalSection(SolutionConfigurationPlatforms) = preSolution
		Debug|x64 = Debug|x64
		Release|x64 = Release|x64
		MinSizeRel|x64 = MinSizeRel|x64
		RelWithDebInfo|x64 = RelWithDebInfo|x64
	EndGlobalSection
	GlobalSection(ProjectConfigurationPlatforms) = postSolution
		{E44E70A1-9FE8-3D5E-B626-2C0A1E17F630}.Debug|x64.ActiveCfg = Debug|x64
		{E44E70A1-9FE8-3D5E-B626-2C0A1E17F630}.Debug|x64.Build.0 = Debug|x64
		{E44E70A1-9FE8-3D5E-B626-2C0A1E17F630}.Release|x64.ActiveCfg = Release|x64
		{E44E70A1-9FE8-3D5E-B626-2C0A1E17F630}.Release|x64.Build.0 = Release|x64
		{E44E70A1-9FE8-3D5E-B626-2C0A1E17F630}.MinSizeRel|x64.ActiveCfg = MinSizeRel|x64
		{E44E70A1-9FE8-3D5E-B626-2C0A1E17F630}.MinSizeRel|x64.Build.0 = MinSizeRel|x64
		{E44E70A1-9FE8-3D5E-B626-2C0A1E17F630}.RelWithDebInfo|x64.ActiveCfg = RelWithDebInfo|x64
		{E44E70A1-9FE8-3D5E-B626-2C0A1E17F630}.RelWithDebInfo|x64.Build.0 = RelWithDebInfo|x64
		{893BFC43-7101-3C88-8029-21F0BB5FF9DF}.Debug|x64.ActiveCfg = Debug|x64
		{893BFC43-7101-3C88-8029-21F0BB5FF9DF}.Release|x64.ActiveCfg = Release|x64
		{893BFC43-7101-3C88-8029-21F0BB5FF9DF}.MinSizeRel|x64.ActiveCfg = MinSizeRel|x64
		{893BFC43-7101-3C88-8029-21F0BB5FF9DF}.RelWithDebInfo|x64.ActiveCfg = RelWithDebInfo|x64
		{9500D3B0-62A7-367D-B466-3A647599B512}.Debug|x64.ActiveCfg = Debug|x64
		{9500D3B0-62A7-367D-B466-3A647599B512}.Debug|x64.Build.0 = Debug|x64
		{9500D3B0-62A7-367D-B466-3A647599B512}.Release|x64.ActiveCfg = Release|x64
		{9500D3B0-62A7-367D-B466-3A647599B512}.Release|x64.Build.0 = Release|x64
		{9500D3B0-62A7-367D-B466-3A647599B512}.MinSizeRel|x64.ActiveCfg = MinSizeRel|x64
		{9500D3B0-62A7-367D-B466-3A647599B512}.MinSizeRel|x64.Build.0 = MinSizeRel|x64
		{9500D3B0-62A7-367D-B466-3A647599B512}.RelWithDebInfo|x64.ActiveCfg = RelWithDebInfo|x64
		{9500D3B0-62A7-367D-B466-3A647599B512}.RelWithDebInfo|x64.Build.0 = RelWithDebInfo|x64
		{E6B72182-3C68-37B2-AAFC-BF521EEEB82C}.Debug|x64.ActiveCfg = Debug|x64
		{E6B72182-3C68-37B2-AAFC-BF521EEEB82C}.Debug|x64.Build.0 = Debug|x64
		{E6B72182-3C68-37B2-AAFC-BF521EEEB82C}.Release|x64.ActiveCfg = Release|x64
		{E6B72182-3C68-37B2-AAFC-BF521EEEB82C}.Release|x64.Build.0 = Release|x64
		{E6B72182-3C68-37B2-AAFC-BF521EEEB82C}.MinSizeRel|x64.ActiveCfg = MinSizeRel|x64
		{E6B72182-3C68-37B2-AAFC-BF521EEEB82C}.MinSizeRel|x64.Build.0 = MinSizeRel|x64
		{E6B72182-3C68-37B2-AAFC-BF521EEEB82C}.RelWithDebInfo|x64.ActiveCfg = RelWithDebInfo|x64
		{E6B72182-3C68-37B2-AAFC-BF521EEEB82C}.RelWithDebInfo|x64.Build.0 = RelWithDebInfo|x64
		{F9B32588-9EB3-3D55-86D0-0AFDFF0D1CD9}.Debug|x64.ActiveCfg = Debug|x64
		{F9B32588-9EB3-3D55-86D0-0AFDFF0D1CD9}.Debug|x64.Build.0 = Debug|x64
		{F9B32588-9EB3-3D55-86D0-0AFDFF0D1CD9}.Release|x64.ActiveCfg = Release|x64
		{F9B32588-9EB3-3D55-86D0-0AFDFF0D1CD9}.Release|x64.Build.0 = Release|x64
		{F9B32588-9EB3-3D55-86D0-0AFDFF0D1CD9}.MinSizeRel|x64.ActiveCfg = MinSizeRel|x64
		{F9B32588-9EB3-3D55-86D0-0AFDFF0D1CD9}.MinSizeRel|x64.Build.0 = MinSizeRel|x64
		{F9B32588-9EB3-3D55-86D0-0AFDFF0D1CD9}.RelWithDebInfo|x64.ActiveCfg = RelWithDebInfo|x64
		{F9B32588-9EB3-3D55-86D0-0AFDFF0D1CD9}.RelWithDebInfo|x64.Build.0 = RelWithDebInfo|x64
		{9A351860-523A-3131-B6AF-6DD04D5E3818}.Debug|x64.ActiveCfg = Debug|x64
		{9A351860-523A-3131-B6AF-6DD04D5E3818}.Debug|x64.Build.0 = Debug|x64
		{9A351860-523A-3131-B6AF-6DD04D5E3818}.Release|x64.ActiveCfg = Release|x64
		{9A351860-523A-3131-B6AF-6DD04D5E3818}.Release|x64.Build.0 = Release|x64
		{9A351860-523A-3131-B6AF-6DD04D5E3818}.MinSizeRel|x64.ActiveCfg = MinSizeRel|x64
		{9A351860-523A-3131-B6AF-6DD04D5E3818}.MinSizeRel|x64.Build.0 = MinSizeRel|x64
		{9A351860-523A-3131-B6AF-6DD04D5E3818}.RelWithDebInfo|x64.ActiveCfg = RelWithDebInfo|x64
		{9A351860-523A-3131-B6AF-6DD04D5E3818}.RelWithDebInfo|x64.Build.0 = RelWithDebInfo|x64
		{68808275-8104-3634-95E3-BF5B1774AAE3}.Debug|x64.ActiveCfg = Debug|x64
		{68808275-8104-3634-95E3-BF5B1774AAE3}.Debug|x64.Build.0 = Debug|x64
		{68808275-8104-3634-95E3-BF5B1774AAE3}.Release|x64.ActiveCfg = Release|x64
		{68808275-8104-3634-95E3-BF5B1774AAE3}.Release|x64.Build.0 = Release|x64
		{68808275-8104-3634-95E3-BF5B1774AAE3}.MinSizeRel|x64.ActiveCfg = MinSizeRel|x64
		{68808275-8104-3634-95E3-BF5B1774AAE3}.MinSizeRel|x64.Build.0 = MinSizeRel|x64
		{68808275-8104-3634-95E3-BF5B1774AAE3}.RelWithDebInfo|x64.ActiveCfg = RelWithDebInfo|x64
		{68808275-8104-3634-95E3-BF5B1774AAE3}.RelWithDebInfo|x64.Build.0 = RelWithDebInfo|x64
		{BEDFDF88-48DF-31B3-AE66-27378EF5C5DF}.Debug|x64.ActiveCfg = Debug|x64
		{BEDFDF88-48DF-31B3-AE66-27378EF5C5DF}.Debug|x64.Build.0 = Debug|x64
		{BEDFDF88-48DF-31B3-AE66-27378EF5C5DF}.Release|x64.ActiveCfg = Release|x64
		{BEDFDF88-48DF-31B3-AE66-27378EF5C5DF}.Release|x64.Build.0 = Release|x64
		{BEDFDF88-48DF-31B3-AE66-27378EF5C5DF}.MinSizeRel|x64.ActiveCfg = MinSizeRel|x64
		{BEDFDF88-48DF-31B3-AE66-27378EF5C5DF}.MinSizeRel|x64.Build.0 = MinSizeRel|x64
		{BEDFDF88-48DF-31B3-AE66-27378EF5C5DF}.RelWithDebInfo|x64.ActiveCfg = RelWithDebInfo|x64
		{BEDFDF88-48DF-31B3-AE66-27378EF5C5DF}.RelWithDebInfo|x64.Build.0 = RelWithDebInfo|x64
		{B91D0AB2-065B-3103-8F7E-0E53A785A2C8}.Debug|x64.ActiveCfg = Debug|x64
		{B91D0AB2-065B-3103-8F7E-0E53A785A2C8}.Debug|x64.Build.0 = Debug|x64
		{B91D0AB2-065B-3103-8F7E-0E53A785A2C8}.Release|x64.ActiveCfg = Release|x64
		{B91D0AB2-065B-3103-8F7E-0E53A785A2C8}.Release|x64.Build.0 = Release|x64
		{B91D0AB2-065B-3103-8F7E-0E53A785A2C8}.MinSizeRel|x64.ActiveCfg = MinSizeRel|x64
		{B91D0AB2-065B-3103-8F7E-0E53A785A2C8}.MinSizeRel|x64.Build.0 = MinSizeRel|x64
		{B91D0AB2-065B-3103-8F7E-0E53A785A2C8}.RelWithDebInfo|x64.ActiveCfg = RelWithDebInfo|x64
		{B91D0AB2-065B-3103-8F7E-0E53A785A2C8}.RelWithDebInfo|x64.Build.0 = RelWithDebInfo|x64
		{7C818D64-81F5-3033-A873-C6FDE482E06D}.Debug|x64.ActiveCfg = Debug|x64
		{7C818D64-81F5-3033-A873-C6FDE482E06D}.Debug|x64.Build.0 = Debug|x64
		{7C818D64-81F5-3033-A873-C6FDE482E06D}.Release|x64.ActiveCfg = Release|x64
		{7C818D64-81F5-3033-A873-C6FDE482E06D}.Release|x64.Build.0 = Release|x64
		{7C818D64-81F5-3033-A873-C6FDE482E06D}.MinSizeRel|x64.ActiveCfg = MinSizeRel|x64
		{7C818D64-81F5-3033-A873-C6FDE482E06D}.MinSizeRel|x64.Build.0 = MinSizeRel|x64
		{7C818D64-81F5-3033-A873-C6FDE482E06D}.RelWithDebInfo|x64.ActiveCfg = RelWithDebInfo|x64
		{7C818D64-81F5-3033-A873-C6FDE482E06D}.RelWithDebInfo|x64.Build.0 = RelWithDebInfo|x64
		{24305EF4-CF2D-3683-A414-3D6CD25633C2}.Debug|x64.ActiveCfg = Debug|x64
		{24305EF4-CF2D-3683-A414-3D6CD25633C2}.Debug|x64.Build.0 = Debug|x64
		{24305EF4-CF2D-3683-A414-3D6CD25633C2}.Release|x64.ActiveCfg = Release|x64
		{24305EF4-CF2D-3683-A414-3D6CD25633C2}.Release|x64.Build.0 = Release|x64
		{24305EF4-CF2D-3683-A414-3D6CD25633C2}.MinSizeRel|x64.ActiveCfg = MinSizeRel|x64
		{24305EF4-CF2D-3683-A414-3D6CD25633C2}.MinSizeRel|x64.Build.0 = MinSizeRel|x64
		{24305EF4-CF2D-3683-A414-3D6CD25633C2}.RelWithDebInfo|x64.ActiveCfg = RelWithDebInfo|x64
		{24305EF4-CF2D-3683-A414-3D6CD25633C2}.RelWithDebInfo|x64.Build.0 = RelWithDebInfo|x64
		{AC6D5E67-E970-362D-8741-E1B6B6E8343D}.Debug|x64.ActiveCfg = Debug|x64
		{AC6D5E67-E970-362D-8741-E1B6B6E8343D}.Debug|x64.Build.0 = Debug|x64
		{AC6D5E67-E970-362D-8741-E1B6B6E8343D}.Release|x64.ActiveCfg = Release|x64
		{AC6D5E67-E970-362D-8741-E1B6B6E8343D}.Release|x64.Build.0 = Release|x64
		{AC6D5E67-E970-362D-8741-E1B6B6E8343D}.MinSizeRel|x64.ActiveCfg = MinSizeRel|x64
		{AC6D5E67-E970-362D-8741-E1B6B6E8343D}.MinSizeRel|x64.Build.0 = MinSizeRel|x64
		{AC6D5E67-E970-362D-8741-E1B6B6E8343D}.RelWithDebInfo|x64.ActiveCfg = RelWithDebInfo|x64
		{AC6D5E67-E970-362D-8741-E1B6B6E8343D}.RelWithDebInfo|x64.Build.0 = RelWithDebInfo|x64
		{3109E9F3-29B9-3BDB-9C89-917A2C0A4E27}.Debug|x64.ActiveCfg = Debug|x64
		{3109E9F3-29B9-3BDB-9C89-917A2C0A4E27}.Debug|x64.Build.0 = Debug|x64
		{3109E9F3-29B9-3BDB-9C89-917A2C0A4E27}.Release|x64.ActiveCfg = Release|x64
		{3109E9F3-29B9-3BDB-9C89-917A2C0A4E27}.Release|x64.Build.0 = Release|x64
		{3109E9F3-29B9-3BDB-9C89-917A2C0A4E27}.MinSizeRel|x64.ActiveCfg = MinSizeRel|x64
		{3109E9F3-29B9-3BDB-9C89-917A2C0A4E27}.MinSizeRel|x64.Build.0 = MinSizeRel|x64
		{3109E9F3-29B9-3BDB-9C89-917A2C0A4E27}.RelWithDebInfo|x64.ActiveCfg = RelWithDebInfo|x64
		{3109E9F3-29B9-3BDB-9C89-917A2C0A4E27}.RelWithDebInfo|x64.Build.0 = RelWithDebInfo|x64
		{65BD037F-BE6F-35A1-94DF-8120BBCD186B}.Debug|x64.ActiveCfg = Debug|x64
		{65BD037F-BE6F-35A1-94DF-8120BBCD186B}.Debug|x64.Build.0 = Debug|x64
		{65BD037F-BE6F-35A1-94DF-8120BBCD186B}.Release|x64.ActiveCfg = Release|x64
		{65BD037F-BE6F-35A1-94DF-8120BBCD186B}.Release|x64.Build.0 = Release|x64
		{65BD037F-BE6F-35A1-94DF-8120BBCD186B}.MinSizeRel|x64.ActiveCfg = MinSizeRel|x64
		{65BD037F-BE6F-35A1-94DF-8120BBCD186B}.MinSizeRel|x64.Build.0 = MinSizeRel|x64
		{65BD037F-BE6F-35A1-94DF-8120BBCD186B}.RelWithDebInfo|x64.ActiveCfg = RelWithDebInfo|x64
		{65BD037F-BE6F-35A1-94DF-8120BBCD186B}.RelWithDebInfo|x64.Build.0 = RelWithDebInfo|x64
		{E43BEDFE-5331-3248-83A5-A391E0292099}.Debug|x64.ActiveCfg = Debug|x64
		{E43BEDFE-5331-3248-83A5-A391E0292099}.Debug|x64.Build.0 = Debug|x64
		{E43BEDFE-5331-3248-83A5-A391E0292099}.Release|x64.ActiveCfg = Release|x64
		{E43BEDFE-5331-3248-83A5-A391E0292099}.Release|x64.Build.0 = Release|x64
		{E43BEDFE-5331-3248-83A5-A391E0292099}.MinSizeRel|x64.ActiveCfg = MinSizeRel|x64
		{E43BEDFE-5331-3248-83A5-A391E0292099}.MinSizeRel|x64.Build.0 = MinSizeRel|x64
		{E43BEDFE-5331-3248-83A5-A391E0292099}.RelWithDebInfo|x64.ActiveCfg = RelWithDebInfo|x64
		{E43BEDFE-5331-3248-83A5-A391E0292099}.RelWithDebInfo|x64.Build.0 = RelWithDebInfo|x64
		{F30631F5-399B-3677-A9AC-89DADAC557D8}.Debug|x64.ActiveCfg = Debug|x64
		{F30631F5-399B-3677-A9AC-89DADAC557D8}.Debug|x64.Build.0 = Debug|x64
		{F30631F5-399B-3677-A9AC-89DADAC557D8}.Release|x64.ActiveCfg = Release|x64
		{F30631F5-399B-3677-A9AC-89DADAC557D8}.Release|x64.Build.0 = Release|x64
		{F30631F5-399B-3677-A9AC-89DADAC557D8}.MinSizeRel|x64.ActiveCfg = MinSizeRel|x64
		{F30631F5-399B-3677-A9AC-89DADAC557D8}.MinSizeRel|x64.Build.0 = MinSizeRel|x64
		{F30631F5-399B-3677-A9AC-89DADAC557D8}.RelWithDebInfo|x64.ActiveCfg = RelWithDebInfo|x64
		{F30631F5-399B-3677-A9AC-89DADAC557D8}.RelWithDebInfo|x64.Build.0 = RelWithDebInfo|x64
		{D496C73E-1C8C-392E-AD32-AB14FEAFA6D3}.Debug|x64.ActiveCfg = Debug|x64
		{D496C73E-1C8C-392E-AD32-AB14FEAFA6D3}.Debug|x64.Build.0 = Debug|x64
		{D496C73E-1C8C-392E-AD32-AB14FEAFA6D3}.Release|x64.ActiveCfg = Release|x64
		{D496C73E-1C8C-392E-AD32-AB14FEAFA6D3}.Release|x64.Build.0 = Release|x64
		{D496C73E-1C8C-392E-AD32-AB14FEAFA6D3}.MinSizeRel|x64.ActiveCfg = MinSizeRel|x64
		{D496C73E-1C8C-392E-AD32-AB14FEAFA6D3}.MinSizeRel|x64.Build.0 = MinSizeRel|x64
		{D496C73E-1C8C-392E-AD32-AB14FEAFA6D3}.RelWithDebInfo|x64.ActiveCfg = RelWithDebInfo|x64
		{D496C73E-1C8C-392E-AD32-AB14FEAFA6D3}.RelWithDebInfo|x64.Build.0 = RelWithDebInfo|x64
		{AA013D36-7E19-3691-A71C-EE62A2DEE055}.Debug|x64.ActiveCfg = Debug|x64
		{AA013D36-7E19-3691-A71C-EE62A2DEE055}.Debug|x64.Build.0 = Debug|x64
		{AA013D36-7E19-3691-A71C-EE62A2DEE055}.Release|x64.ActiveCfg = Release|x64
		{AA013D36-7E19-3691-A71C-EE62A2DEE055}.Release|x64.Build.0 = Release|x64
		{AA013D36-7E19-3691-A71C-EE62A2DEE055}.MinSizeRel|x64.ActiveCfg = MinSizeRel|x64
		{AA013D36-7E19-3691-A71C-EE62A2DEE055}.MinSizeRel|x64.Build.0 = MinSizeRel|x64
		{AA013D36-7E19-3691-A71C-EE62A2DEE055}.RelWithDebInfo|x64.ActiveCfg = RelWithDebInfo|x64
		{AA013D36-7E19-3691-A71C-EE62A2DEE055}.RelWithDebInfo|x64.Build.0 = RelWithDebInfo|x64
		{0863AD0D-FB26-3F4C-B10D-4D227DDF6324}.Debug|x64.ActiveCfg = Debug|x64
		{0863AD0D-FB26-3F4C-B10D-4D227DDF6324}.Debug|x64.Build.0 = Debug|x64
		{0863AD0D-FB26-3F4C-B10D-4D227DDF6324}.Release|x64.ActiveCfg = Release|x64
		{0863AD0D-FB26-3F4C-B10D-4D227DDF6324}.Release|x64.Build.0 = Release|x64
		{0863AD0D-FB26-3F4C-B10D-4D227DDF6324}.MinSizeRel|x64.ActiveCfg = MinSizeRel|x64
		{0863AD0D-FB26-3F4C-B10D-4D227DDF6324}.MinSizeRel|x64.Build.0 = MinSizeRel|x64
		{0863AD0D-FB26-3F4C-B10D-4D227DDF6324}.RelWithDebInfo|x64.ActiveCfg = RelWithDebInfo|x64
		{0863AD0D-FB26-3F4C-B10D-4D227DDF6324}.RelWithDebInfo|x64.Build.0 = RelWithDebInfo|x64
		{23A4A63A-7E6A-3FF0-B60F-7CEC03C0A420}.Debug|x64.ActiveCfg = Debug|x64
		{23A4A63A-7E6A-3FF0-B60F-7CEC03C0A420}.Debug|x64.Build.0 = Debug|x64
		{23A4A63A-7E6A-3FF0-B60F-7CEC03C0A420}.Release|x64.ActiveCfg = Release|x64
		{23A4A63A-7E6A-3FF0-B60F-7CEC03C0A420}.Release|x64.Build.0 = Release|x64
		{23A4A63A-7E6A-3FF0-B60F-7CEC03C0A420}.MinSizeRel|x64.ActiveCfg = MinSizeRel|x64
		{23A4A63A-7E6A-3FF0-B60F-7CEC03C0A420}.MinSizeRel|x64.Build.0 = MinSizeRel|x64
		{23A4A63A-7E6A-3FF0-B60F-7CEC03C0A420}.RelWithDebInfo|x64.ActiveCfg = RelWithDebInfo|x64
		{23A4A63A-7E6A-3FF0-B60F-7CEC03C0A420}.RelWithDebInfo|x64.Build.0 = RelWithDebInfo|x64
		{183E335F-73BF-3755-A025-7D53AE9BC1C9}.Debug|x64.ActiveCfg = Debug|x64
		{183E335F-73BF-3755-A025-7D53AE9BC1C9}.Debug|x64.Build.0 = Debug|x64
		{183E335F-73BF-3755-A025-7D53AE9BC1C9}.Release|x64.ActiveCfg = Release|x64
		{183E335F-73BF-3755-A025-7D53AE9BC1C9}.Release|x64.Build.0 = Release|x64
		{183E335F-73BF-3755-A025-7D53AE9BC1C9}.MinSizeRel|x64.ActiveCfg = MinSizeRel|x64
		{183E335F-73BF-3755-A025-7D53AE9BC1C9}.MinSizeRel|x64.Build.0 = MinSizeRel|x64
		{183E335F-73BF-3755-A025-7D53AE9BC1C9}.RelWithDebInfo|x64.ActiveCfg = RelWithDebInfo|x64
		{183E335F-73BF-3755-A025-7D53AE9BC1C9}.RelWithDebInfo|x64.Build.0 = RelWithDebInfo|x64
		{A2B0397D-BFAB-3E9B-B0E9-F24127F815E4}.Debug|x64.ActiveCfg = Debug|x64
		{A2B0397D-BFAB-3E9B-B0E9-F24127F815E4}.Debug|x64.Build.0 = Debug|x64
		{A2B0397D-BFAB-3E9B-B0E9-F24127F815E4}.Release|x64.ActiveCfg = Release|x64
		{A2B0397D-BFAB-3E9B-B0E9-F24127F815E4}.Release|x64.Build.0 = Release|x64
		{A2B0397D-BFAB-3E9B-B0E9-F24127F815E4}.MinSizeRel|x64.ActiveCfg = MinSizeRel|x64
		{A2B0397D-BFAB-3E9B-B0E9-F24127F815E4}.MinSizeRel|x64.Build.0 = MinSizeRel|x64
		{A2B0397D-BFAB-3E9B-B0E9-F24127F815E4}.RelWithDebInfo|x64.ActiveCfg = RelWithDebInfo|x64
		{A2B0397D-BFAB-3E9B-B0E9-F24127F815E4}.RelWithDebInfo|x64.Build.0 = RelWithDebInfo|x64
		{DF597743-0D02-3049-B72F-C6E173C1F501}.Debug|x64.ActiveCfg = Debug|x64
		{DF597743-0D02-3049-B72F-C6E173C1F501}.Debug|x64.Build.0 = Debug|x64
		{DF597743-0D02-3049-B72F-C6E173C1F501}.Release|x64.ActiveCfg = Release|x64
		{DF597743-0D02-3049-B72F-C6E173C1F501}.Release|x64.Build.0 = Release|x64
		{DF597743-0D02-3049-B72F-C6E173C1F501}.MinSizeRel|x64.ActiveCfg = MinSizeRel|x64
		{DF597743-0D02-3049-B72F-C6E173C1F501}.MinSizeRel|x64.Build.0 = MinSizeRel|x64
		{DF597743-0D02-3049-B72F-C6E173C1F501}.RelWithDebInfo|x64.ActiveCfg = RelWithDebInfo|x64
		{DF597743-0D02-3049-B72F-C6E173C1F501}.RelWithDebInfo|x64.Build.0 = RelWithDebInfo|x64
		{108AB718-176D-39EC-868D-332253D58762}.Debug|x64.ActiveCfg = Debug|x64
		{108AB718-176D-39EC-868D-332253D58762}.Debug|x64.Build.0 = Debug|x64
		{108AB718-176D-39EC-868D-332253D58762}.Release|x64.ActiveCfg = Release|x64
		{108AB718-176D-39EC-868D-332253D58762}.Release|x64.Build.0 = Release|x64
		{108AB718-176D-39EC-868D-332253D58762}.MinSizeRel|x64.ActiveCfg = MinSizeRel|x64
		{108AB718-176D-39EC-868D-332253D58762}.MinSizeRel|x64.Build.0 = MinSizeRel|x64
		{108AB718-176D-39EC-868D-332253D58762}.RelWithDebInfo|x64.ActiveCfg = RelWithDebInfo|x64
		{108AB718-176D-39EC-868D-332253D58762}.RelWithDebInfo|x64.Build.0 = RelWithDebInfo|x64
		{62DC5185-02C9-3B0C-818A-1A73F1AE8269}.Debug|x64.ActiveCfg = Debug|x64
		{62DC5185-02C9-3B0C-818A-1A73F1AE8269}.Debug|x64.Build.0 = Debug|x64
		{62DC5185-02C9-3B0C-818A-1A73F1AE8269}.Release|x64.ActiveCfg = Release|x64
		{62DC5185-02C9-3B0C-818A-1A73F1AE8269}.Release|x64.Build.0 = Release|x64
		{62DC5185-02C9-3B0C-818A-1A73F1AE8269}.MinSizeRel|x64.ActiveCfg = MinSizeRel|x64
		{62DC5185-02C9-3B0C-818A-1A73F1AE8269}.MinSizeRel|x64.Build.0 = MinSizeRel|x64
		{62DC5185-02C9-3B0C-818A-1A73F1AE8269}.RelWithDebInfo|x64.ActiveCfg = RelWithDebInfo|x64
		{62DC5185-02C9-3B0C-818A-1A73F1AE8269}.RelWithDebInfo|x64.Build.0 = RelWithDebInfo|x64
		{35664318-AAC5-33E7-8B80-76BB27F7D6F0}.Debug|x64.ActiveCfg = Debug|x64
		{35664318-AAC5-33E7-8B80-76BB27F7D6F0}.Debug|x64.Build.0 = Debug|x64
		{35664318-AAC5-33E7-8B80-76BB27F7D6F0}.Release|x64.ActiveCfg = Release|x64
		{35664318-AAC5-33E7-8B80-76BB27F7D6F0}.Release|x64.Build.0 = Release|x64
		{35664318-AAC5-33E7-8B80-76BB27F7D6F0}.MinSizeRel|x64.ActiveCfg = MinSizeRel|x64
		{35664318-AAC5-33E7-8B80-76BB27F7D6F0}.MinSizeRel|x64.Build.0 = MinSizeRel|x64
		{35664318-AAC5-33E7-8B80-76BB27F7D6F0}.RelWithDebInfo|x64.ActiveCfg = RelWithDebInfo|x64
		{35664318-AAC5-33E7-8B80-76BB27F7D6F0}.RelWithDebInfo|x64.Build.0 = RelWithDebInfo|x64
		{13BA7FA7-96C2-32E6-B445-C5CE518EA93F}.Debug|x64.ActiveCfg = Debug|x64
		{13BA7FA7-96C2-32E6-B445-C5CE518EA93F}.Debug|x64.Build.0 = Debug|x64
		{13BA7FA7-96C2-32E6-B445-C5CE518EA93F}.Release|x64.ActiveCfg = Release|x64
		{13BA7FA7-96C2-32E6-B445-C5CE518EA93F}.Release|x64.Build.0 = Release|x64
		{13BA7FA7-96C2-32E6-B445-C5CE518EA93F}.MinSizeRel|x64.ActiveCfg = MinSizeRel|x64
		{13BA7FA7-96C2-32E6-B445-C5CE518EA93F}.MinSizeRel|x64.Build.0 = MinSizeRel|x64
		{13BA7FA7-96C2-32E6-B445-C5CE518EA93F}.RelWithDebInfo|x64.ActiveCfg = RelWithDebInfo|x64
		{13BA7FA7-96C2-32E6-B445-C5CE518EA93F}.RelWithDebInfo|x64.Build.0 = RelWithDebInfo|x64
		{B36042F0-5A84-37B9-9223-FF545825B14E}.Debug|x64.ActiveCfg = Debug|x64
		{B36042F0-5A84-37B9-9223-FF545825B14E}.Debug|x64.Build.0 = Debug|x64
		{B36042F0-5A84-37B9-9223-FF545825B14E}.Release|x64.ActiveCfg = Release|x64
		{B36042F0-5A84-37B9-9223-FF545825B14E}.Release|x64.Build.0 = Release|x64
		{B36042F0-5A84-37B9-9223-FF545825B14E}.MinSizeRel|x64.ActiveCfg = MinSizeRel|x64
		{B36042F0-5A84-37B9-9223-FF545825B14E}.MinSizeRel|x64.Build.0 = MinSizeRel|x64
		{B36042F0-5A84-37B9-9223-FF545825B14E}.RelWithDebInfo|x64.ActiveCfg = RelWithDebInfo|x64
		{B36042F0-5A84-37B9-9223-FF545825B14E}.RelWithDebInfo|x64.Build.0 = RelWithDebInfo|x64
		{B58A4671-30EC-39EC-B4E2-38276078712A}.Debug|x64.ActiveCfg = Debug|x64
		{B58A4671-30EC-39EC-B4E2-38276078712A}.Debug|x64.Build.0 = Debug|x64
		{B58A4671-30EC-39EC-B4E2-38276078712A}.Release|x64.ActiveCfg = Release|x64
		{B58A4671-30EC-39EC-B4E2-38276078712A}.Release|x64.Build.0 = Release|x64
		{B58A4671-30EC-39EC-B4E2-38276078712A}.MinSizeRel|x64.ActiveCfg = MinSizeRel|x64
		{B58A4671-30EC-39EC-B4E2-38276078712A}.MinSizeRel|x64.Build.0 = MinSizeRel|x64
		{B58A4671-30EC-39EC-B4E2-38276078712A}.RelWithDebInfo|x64.ActiveCfg = RelWithDebInfo|x64
		{B58A4671-30EC-39EC-B4E2-38276078712A}.RelWithDebInfo|x64.Build.0 = RelWithDebInfo|x64
		{AD29BC1D-4480-3C75-83A7-1A526F5EAD89}.Debug|x64.ActiveCfg = Debug|x64
		{AD29BC1D-4480-3C75-83A7-1A526F5EAD89}.Debug|x64.Build.0 = Debug|x64
		{AD29BC1D-4480-3C75-83A7-1A526F5EAD89}.Release|x64.ActiveCfg = Release|x64
		{AD29BC1D-4480-3C75-83A7-1A526F5EAD89}.Release|x64.Build.0 = Release|x64
		{AD29BC1D-4480-3C75-83A7-1A526F5EAD89}.MinSizeRel|x64.ActiveCfg = MinSizeRel|x64
		{AD29BC1D-4480-3C75-83A7-1A526F5EAD89}.MinSizeRel|x64.Build.0 = MinSizeRel|x64
		{AD29BC1D-4480-3C75-83A7-1A526F5EAD89}.RelWithDebInfo|x64.ActiveCfg = RelWithDebInfo|x64
		{AD29BC1D-4480-3C75-83A7-1A526F5EAD89}.RelWithDebInfo|x64.Build.0 = RelWithDebInfo|x64
		{29A461DA-4EDA-3EE1-BEEB-AFD17EEDACFA}.Debug|x64.ActiveCfg = Debug|x64
		{29A461DA-4EDA-3EE1-BEEB-AFD17EEDACFA}.Debug|x64.Build.0 = Debug|x64
		{29A461DA-4EDA-3EE1-BEEB-AFD17EEDACFA}.Release|x64.ActiveCfg = Release|x64
		{29A461DA-4EDA-3EE1-BEEB-AFD17EEDACFA}.Release|x64.Build.0 = Release|x64
		{29A461DA-4EDA-3EE1-BEEB-AFD17EEDACFA}.MinSizeRel|x64.ActiveCfg = MinSizeRel|x64
		{29A461DA-4EDA-3EE1-BEEB-AFD17EEDACFA}.MinSizeRel|x64.Build.0 = MinSizeRel|x64
		{29A461DA-4EDA-3EE1-BEEB-AFD17EEDACFA}.RelWithDebInfo|x64.ActiveCfg = RelWithDebInfo|x64
		{29A461DA-4EDA-3EE1-BEEB-AFD17EEDACFA}.RelWithDebInfo|x64.Build.0 = RelWithDebInfo|x64
		{D0C6319C-ED43-3159-B0E2-E307E01A88E2}.Debug|x64.ActiveCfg = Debug|x64
		{D0C6319C-ED43-3159-B0E2-E307E01A88E2}.Release|x64.ActiveCfg = Release|x64
		{D0C6319C-ED43-3159-B0E2-E307E01A88E2}.MinSizeRel|x64.ActiveCfg = MinSizeRel|x64
		{D0C6319C-ED43-3159-B0E2-E307E01A88E2}.RelWithDebInfo|x64.ActiveCfg = RelWithDebInfo|x64
		{C2C528DB-DB06-34C2-8D36-448AD83A63E9}.Debug|x64.ActiveCfg = Debug|x64
		{C2C528DB-DB06-34C2-8D36-448AD83A63E9}.Release|x64.ActiveCfg = Release|x64
		{C2C528DB-DB06-34C2-8D36-448AD83A63E9}.MinSizeRel|x64.ActiveCfg = MinSizeRel|x64
		{C2C528DB-DB06-34C2-8D36-448AD83A63E9}.RelWithDebInfo|x64.ActiveCfg = RelWithDebInfo|x64
		{A684C4B2-2C7E-36FA-8305-710F68D464F2}.Debug|x64.ActiveCfg = Debug|x64
		{A684C4B2-2C7E-36FA-8305-710F68D464F2}.Debug|x64.Build.0 = Debug|x64
		{A684C4B2-2C7E-36FA-8305-710F68D464F2}.Release|x64.ActiveCfg = Release|x64
		{A684C4B2-2C7E-36FA-8305-710F68D464F2}.Release|x64.Build.0 = Release|x64
		{A684C4B2-2C7E-36FA-8305-710F68D464F2}.MinSizeRel|x64.ActiveCfg = MinSizeRel|x64
		{A684C4B2-2C7E-36FA-8305-710F68D464F2}.MinSizeRel|x64.Build.0 = MinSizeRel|x64
		{A684C4B2-2C7E-36FA-8305-710F68D464F2}.RelWithDebInfo|x64.ActiveCfg = RelWithDebInfo|x64
		{A684C4B2-2C7E-36FA-8305-710F68D464F2}.RelWithDebInfo|x64.Build.0 = RelWithDebInfo|x64
		{55074929-E6AB-36FD-8595-96A6CC75B900}.Debug|x64.ActiveCfg = Debug|x64
		{55074929-E6AB-36FD-8595-96A6CC75B900}.Debug|x64.Build.0 = Debug|x64
		{55074929-E6AB-36FD-8595-96A6CC75B900}.Release|x64.ActiveCfg = Release|x64
		{55074929-E6AB-36FD-8595-96A6CC75B900}.Release|x64.Build.0 = Release|x64
		{55074929-E6AB-36FD-8595-96A6CC75B900}.MinSizeRel|x64.ActiveCfg = MinSizeRel|x64
		{55074929-E6AB-36FD-8595-96A6CC75B900}.MinSizeRel|x64.Build.0 = MinSizeRel|x64
		{55074929-E6AB-36FD-8595-96A6CC75B900}.RelWithDebInfo|x64.ActiveCfg = RelWithDebInfo|x64
		{55074929-E6AB-36FD-8595-96A6CC75B900}.RelWithDebInfo|x64.Build.0 = RelWithDebInfo|x64
	EndGlobalSection
	GlobalSection(NestedProjects) = preSolution
		{E44E70A1-9FE8-3D5E-B626-2C0A1E17F630} = {D7181D87-0E4B-3CE8-8C66-D3563C494A99}
		{893BFC43-7101-3C88-8029-21F0BB5FF9DF} = {D7181D87-0E4B-3CE8-8C66-D3563C494A99}
		{9500D3B0-62A7-367D-B466-3A647599B512} = {D7181D87-0E4B-3CE8-8C66-D3563C494A99}
		{C0C5B485-AB59-3D8B-AD06-E2BEABB4A452} = {ED5AA78E-B90A-3C3A-8752-7473839E5F11}
		{99EE9513-E537-33B0-966E-5DB9EE3EDCB1} = {ED5AA78E-B90A-3C3A-8752-7473839E5F11}
		{24305EF4-CF2D-3683-A414-3D6CD25633C2} = {ED5AA78E-B90A-3C3A-8752-7473839E5F11}
		{D0C6319C-ED43-3159-B0E2-E307E01A88E2} = {ED5AA78E-B90A-3C3A-8752-7473839E5F11}
		{C2C528DB-DB06-34C2-8D36-448AD83A63E9} = {ED5AA78E-B90A-3C3A-8752-7473839E5F11}
		{E6B72182-3C68-37B2-AAFC-BF521EEEB82C} = {C0C5B485-AB59-3D8B-AD06-E2BEABB4A452}
		{7C818D64-81F5-3033-A873-C6FDE482E06D} = {C0C5B485-AB59-3D8B-AD06-E2BEABB4A452}
		{3109E9F3-29B9-3BDB-9C89-917A2C0A4E27} = {C0C5B485-AB59-3D8B-AD06-E2BEABB4A452}
		{23A4A63A-7E6A-3FF0-B60F-7CEC03C0A420} = {C0C5B485-AB59-3D8B-AD06-E2BEABB4A452}
		{A2B0397D-BFAB-3E9B-B0E9-F24127F815E4} = {C0C5B485-AB59-3D8B-AD06-E2BEABB4A452}
		{108AB718-176D-39EC-868D-332253D58762} = {C0C5B485-AB59-3D8B-AD06-E2BEABB4A452}
		{62DC5185-02C9-3B0C-818A-1A73F1AE8269} = {C0C5B485-AB59-3D8B-AD06-E2BEABB4A452}
		{35664318-AAC5-33E7-8B80-76BB27F7D6F0} = {C0C5B485-AB59-3D8B-AD06-E2BEABB4A452}
		{A684C4B2-2C7E-36FA-8305-710F68D464F2} = {C0C5B485-AB59-3D8B-AD06-E2BEABB4A452}
		{F9B32588-9EB3-3D55-86D0-0AFDFF0D1CD9} = {99EE9513-E537-33B0-966E-5DB9EE3EDCB1}
		{9A351860-523A-3131-B6AF-6DD04D5E3818} = {99EE9513-E537-33B0-966E-5DB9EE3EDCB1}
		{68808275-8104-3634-95E3-BF5B1774AAE3} = {99EE9513-E537-33B0-966E-5DB9EE3EDCB1}
		{BEDFDF88-48DF-31B3-AE66-27378EF5C5DF} = {99EE9513-E537-33B0-966E-5DB9EE3EDCB1}
		{B91D0AB2-065B-3103-8F7E-0E53A785A2C8} = {99EE9513-E537-33B0-966E-5DB9EE3EDCB1}
		{AC6D5E67-E970-362D-8741-E1B6B6E8343D} = {99EE9513-E537-33B0-966E-5DB9EE3EDCB1}
		{65BD037F-BE6F-35A1-94DF-8120BBCD186B} = {99EE9513-E537-33B0-966E-5DB9EE3EDCB1}
		{E43BEDFE-5331-3248-83A5-A391E0292099} = {99EE9513-E537-33B0-966E-5DB9EE3EDCB1}
		{F30631F5-399B-3677-A9AC-89DADAC557D8} = {99EE9513-E537-33B0-966E-5DB9EE3EDCB1}
		{D496C73E-1C8C-392E-AD32-AB14FEAFA6D3} = {99EE9513-E537-33B0-966E-5DB9EE3EDCB1}
		{AA013D36-7E19-3691-A71C-EE62A2DEE055} = {99EE9513-E537-33B0-966E-5DB9EE3EDCB1}
		{0863AD0D-FB26-3F4C-B10D-4D227DDF6324} = {99EE9513-E537-33B0-966E-5DB9EE3EDCB1}
		{183E335F-73BF-3755-A025-7D53AE9BC1C9} = {99EE9513-E537-33B0-966E-5DB9EE3EDCB1}
		{DF597743-0D02-3049-B72F-C6E173C1F501} = {99EE9513-E537-33B0-966E-5DB9EE3EDCB1}
		{13BA7FA7-96C2-32E6-B445-C5CE518EA93F} = {99EE9513-E537-33B0-966E-5DB9EE3EDCB1}
		{B36042F0-5A84-37B9-9223-FF545825B14E} = {99EE9513-E537-33B0-966E-5DB9EE3EDCB1}
		{B58A4671-30EC-39EC-B4E2-38276078712A} = {99EE9513-E537-33B0-966E-5DB9EE3EDCB1}
		{AD29BC1D-4480-3C75-83A7-1A526F5EAD89} = {99EE9513-E537-33B0-966E-5DB9EE3EDCB1}
		{29A461DA-4EDA-3EE1-BEEB-AFD17EEDACFA} = {99EE9513-E537-33B0-966E-5DB9EE3EDCB1}
		{55074929-E6AB-36FD-8595-96A6CC75B900} = {99EE9513-E537-33B0-966E-5DB9EE3EDCB1}
	EndGlobalSection
	GlobalSection(ExtensibilityGlobals) = postSolution
		SolutionGuid = {0109BA30-E28D-32CC-AE2A-CCA536A6CFFE}
	EndGlobalSection
	GlobalSection(ExtensibilityAddIns) = postSolution
	EndGlobalSection
EndGlobal
